{
  "nodes": {
    "doomemacs": {
      "flake": false,
      "locked": {
        "lastModified": 1768984347,
        "narHash": "sha256-VvC4rgAAaFnYLCdcUoz7dTE3kuBNuHIc+GlXOrPCxpg=",
        "owner": "doomemacs",
        "repo": "doomemacs",
        "rev": "57818a6da90fbef39ff80d62fab2cd319496c3b9",
        "type": "github"
      },
      "original": {
        "owner": "doomemacs",
        "repo": "doomemacs",
        "type": "github"
      }
    },
    "emacs-overlay": {
      "inputs": {
        "nixpkgs": [
          "nix-doom-emacs-unstraightened"
        ],
        "nixpkgs-stable": [
          "nix-doom-emacs-unstraightened"
        ]
      },
      "locked": {
        "lastModified": 1769914881,
        "narHash": "sha256-J+/h02BfL/oo7vhNv/KZ410nktVYmHr1GM4rpUWWC+U=",
        "owner": "nix-community",
        "repo": "emacs-overlay",
        "rev": "475e1d3aab316ba2403605a2feee7685c806723f",
        "type": "github"
      },
      "original": {
        "owner": "nix-community",
        "repo": "emacs-overlay",
        "type": "github"
      }
    },
    "home-manager": {
      "inputs": {
        "nixpkgs": [
          "nixpkgs"
        ]
      },
      "locked": {
        "lastModified": 1769952507,
        "narHash": "sha256-eNTfxT3v8b7s1dqswgposi5Y1CUMoOUhQKiy29QY25U=",
        "owner": "nix-community",
        "repo": "home-manager",
        "rev": "b59376563943ce163b2553aeb63d0c170967d74e",
        "type": "github"
      },
      "original": {
        "owner": "nix-community",
        "repo": "home-manager",
        "type": "github"
      }
    },
    "nix-doom-emacs-unstraightened": {
      "inputs": {
        "doomemacs": "doomemacs",
        "emacs-overlay": "emacs-overlay",
        "nixpkgs": [
          "nixpkgs"
        ],
        "systems": "systems"
      },
      "locked": {
        "lastModified": 1769935880,
        "narHash": "sha256-YUv8sksJ6AfjTns4Wvv98BAgGC1kAmdElM5ZSkvV8P8=",
        "owner": "marienz",
        "repo": "nix-doom-emacs-unstraightened",
        "rev": "5f7d0ab89e99a586d8b3717b5290228d228e5858",
        "type": "github"
      },
      "original": {
        "owner": "marienz",
        "repo": "nix-doom-emacs-unstraightened",
        "type": "github"
      }
    },
    "nixpkgs": {
      "locked": {
        "lastModified": 1769789167,
        "narHash": "sha256-kKB3bqYJU5nzYeIROI82Ef9VtTbu4uA3YydSk/Bioa8=",
        "owner": "NixOS",
        "repo": "nixpkgs",
        "rev": "62c8382960464ceb98ea593cb8321a2cf8f9e3e5",
        "type": "github"
      },
      "original": {
        "owner": "NixOS",
        "ref": "nixos-unstable",
        "repo": "nixpkgs",
        "type": "github"
      }
    },
    "root": {
      "inputs": {
        "home-manager": "home-manager",
        "nix-doom-emacs-unstraightened": "nix-doom-emacs-unstraightened",
        "nixpkgs": "nixpkgs",
        "zen-browser": "zen-browser"
      }
    },
    "systems": {
      "locked": {
        "lastModified": 1681028828,
        "narHash": "sha256-Vy1rq5AaRuLzOxct8nz4T6wlgyUR7zLU309k9mBC768=",
        "owner": "nix-systems",
        "repo": "default",
        "rev": "da67096a3b9bf56a91d16901293e51ba5b49a27e",
        "type": "github"
      },
      "original": {
        "owner": "nix-systems",
        "repo": "default",
        "type": "github"
      }
    },
    "zen-browser": {
      "inputs": {
        "nixpkgs": [
          "nixpkgs"
        ]
      },
      "locked": {
        "lastModified": 1769747637,
        "narHash": "sha256-fRdj480sqW/a+APO6CmelZsa07BRAdEQLUjBQJuyQbU=",
        "owner": "youwen5",
        "repo": "zen-browser-flake",
        "rev": "09e429679b7cc175e71e2d25800bab66493c1c80",
        "type": "github"
      },
      "original": {
        "owner": "youwen5",
        "repo": "zen-browser-flake",
        "type": "github"
      }
    }
  },
  "root": "root",
  "version": 7
}
